
Microsoft Visual Studio Solution File, Format Version 12.00
Project("{FAE04EC0-301F-11D3-BF4B-00C04F79EFBC}") = "DreamShelf.API", "DreamShelf.API\DreamShelf.API.csproj", "{DCF91B5B-3139-4E39-9363-2838FDDCACEF}"
EndProject
Global
	GlobalSection(SolutionConfigurationPlatforms) = preSolution
		Debug|Any CPU = Debug|Any CPU
		Release|Any CPU = Release|Any CPU
	EndGlobalSection
	GlobalSection(ProjectConfigurationPlatforms) = postSolution
		{DCF91B5B-3139-4E39-9363-2838FDDCACEF}.Debug|Any CPU.ActiveCfg = Debug|Any CPU
		{DCF91B5B-3139-4E39-9363-2838FDDCACEF}.Debug|Any CPU.Build.0 = Debug|Any CPU
		{DCF91B5B-3139-4E39-9363-2838FDDCACEF}.Release|Any CPU.ActiveCfg = Release|Any CPU
		{DCF91B5B-3139-4E39-9363-2838FDDCACEF}.Release|Any CPU.Build.0 = Release|Any CPU
	EndGlobalSection
EndGlobal
